{
  "version": 4,
  "terraform_version": "1.2.0",
  "serial": 189,
  "lineage": "c1da630f-50b8-248f-6b18-6d5ee5aba316",
  "outputs": {
    "external_ip_address_node02_yandex_cloud": {
      "value": "51.250.15.136",
      "type": "string"
    },
    "external_ip_address_node03_yandex_cloud": {
      "value": "84.201.129.148",
      "type": "string"
    },
    "internal_ip_address_node01_yandex_cloud": {
      "value": "51.250.13.109",
      "type": "string"
    }
  },
  "resources": [
    {
      "mode": "managed",
      "type": "local_file",
      "name": "prod",
      "provider": "provider[\"registry.terraform.io/hashicorp/local\"]",
      "instances": [
        {
          "schema_version": 0,
          "attributes": {
            "content": "---\n    clickhouse:\n      hosts:\n        clickhouse-01:\n          ansible_host: 51.250.13.109\n          ansible_user: centos\n    vector:\n      hosts:\n        vector-01:\n          ansible_host: 51.250.15.136\n          ansible_user: centos\n    lighthouse:\n      hosts:\n        lighthouse-01:\n          ansible_host: 84.201.129.148\n          ansible_user: centos\n",
            "content_base64": null,
            "directory_permission": "0777",
            "file_permission": "0777",
            "filename": "../inventory/prod.yml",
            "id": "a40fe21df44af2dded0758c796f82b992fa94e91",
            "sensitive_content": null,
            "source": null
          },
          "sensitive_attributes": [],
          "private": "bnVsbA==",
          "dependencies": [
            "yandex_compute_instance.node01",
            "yandex_compute_instance.node02",
            "yandex_compute_instance.node03",
            "yandex_vpc_network.default",
            "yandex_vpc_subnet.default"
          ]
        }
      ]
    },
    {
      "mode": "managed",
      "type": "yandex_compute_instance",
      "name": "node01",
      "provider": "provider[\"registry.terraform.io/yandex-cloud/yandex\"]",
      "instances": [
        {
          "schema_version": 1,
          "attributes": {
            "allow_recreate": null,
            "allow_stopping_for_update": true,
            "boot_disk": [
              {
                "auto_delete": true,
                "device_name": "fhm08rhduela7lampufr",
                "disk_id": "fhm08rhduela7lampufr",
                "initialize_params": [
                  {
                    "block_size": 4096,
                    "description": "",
                    "image_id": "fd88d14a6790do254kj7",
                    "name": "root-node01",
                    "size": 10,
                    "snapshot_id": "",
                    "type": "network-ssd"
                  }
                ],
                "mode": "READ_WRITE"
              }
            ],
            "created_at": "2022-09-02T11:20:41Z",
            "description": "",
            "folder_id": "b1gfege9gjopte1c9qa1",
            "fqdn": "node01.netology.cloud",
            "hostname": "node01.netology.cloud",
            "id": "fhm2se02fbb6nco3cn5q",
            "labels": null,
            "local_disk": [],
            "metadata": {
              "ssh-keys": "centos:ssh-rsa AAAAB3NzaC1yc2EAAAADAQABAAABAQC5fv0bnsSvpCop92ETbhAlblg3XMcKH3H75ntZK81f1mjzR9GLjiF0ZSMSVvts+SR3F40j2sGS8QUR/+Tbt3nmrBF5GCHN8pGF1OwUgpNpBfVD0c7wqOeDWuGQdnSiVz4JY5bOHg3ROGQwFX71pKa0XZ3QNHMsuwTpxv8aajPQlBdVDB3D0C1rdJABNqgECdHBVCCc0pDjpleC46m6KFpp91sA8Tr4KHEb25tD5DcZ3lIO+uMVdBBeYRHupwa6743LiAJYlJHbwVWSLKrryxZG/PkseXwD91BuFpTyrlW4QPHWi7RQskGdPiMjgiPDkTPp5e4M2K+ncJNTvKoGqmsb root@vb-micrapc\n"
            },
            "name": "node01",
            "network_acceleration_type": "standard",
            "network_interface": [
              {
                "dns_record": [],
                "index": 0,
                "ip_address": "192.168.101.24",
                "ipv4": true,
                "ipv6": false,
                "ipv6_address": "",
                "ipv6_dns_record": [],
                "mac_address": "d0:0d:2e:38:02:7a",
                "nat": true,
                "nat_dns_record": [],
                "nat_ip_address": "51.250.13.109",
                "nat_ip_version": "IPV4",
                "security_group_ids": [],
                "subnet_id": "e9bad8kqasbkrq8csuh4"
              }
            ],
            "placement_policy": [
              {
                "host_affinity_rules": [],
                "placement_group_id": ""
              }
            ],
            "platform_id": "standard-v1",
            "resources": [
              {
                "core_fraction": 100,
                "cores": 2,
                "gpus": 0,
                "memory": 2
              }
            ],
            "scheduling_policy": [
              {
                "preemptible": false
              }
            ],
            "secondary_disk": [],
            "service_account_id": "",
            "status": "running",
            "timeouts": null,
            "zone": "ru-central1-a"
          },
          "sensitive_attributes": [],
          "private": "eyJlMmJmYjczMC1lY2FhLTExZTYtOGY4OC0zNDM2M2JjN2M0YzAiOnsiY3JlYXRlIjozMDAwMDAwMDAwMDAsImRlbGV0ZSI6MzAwMDAwMDAwMDAwLCJ1cGRhdGUiOjMwMDAwMDAwMDAwMH0sInNjaGVtYV92ZXJzaW9uIjoiMSJ9",
          "dependencies": [
            "yandex_vpc_network.default",
            "yandex_vpc_subnet.default"
          ]
        }
      ]
    },
    {
      "mode": "managed",
      "type": "yandex_compute_instance",
      "name": "node02",
      "provider": "provider[\"registry.terraform.io/yandex-cloud/yandex\"]",
      "instances": [
        {
          "schema_version": 1,
          "attributes": {
            "allow_recreate": null,
            "allow_stopping_for_update": true,
            "boot_disk": [
              {
                "auto_delete": true,
                "device_name": "fhm1ue8kp3jrd9cve2t8",
                "disk_id": "fhm1ue8kp3jrd9cve2t8",
                "initialize_params": [
                  {
                    "block_size": 4096,
                    "description": "",
                    "image_id": "fd88d14a6790do254kj7",
                    "name": "root-node02",
                    "size": 10,
                    "snapshot_id": "",
                    "type": "network-ssd"
                  }
                ],
                "mode": "READ_WRITE"
              }
            ],
            "created_at": "2022-09-02T11:20:41Z",
            "description": "",
            "folder_id": "b1gfege9gjopte1c9qa1",
            "fqdn": "node02.netology.yc",
            "hostname": "node02.netology.yc",
            "id": "fhmsvo8uern88c8fjpug",
            "labels": null,
            "local_disk": [],
            "metadata": {
              "ssh-keys": "centos:ssh-rsa AAAAB3NzaC1yc2EAAAADAQABAAABAQC5fv0bnsSvpCop92ETbhAlblg3XMcKH3H75ntZK81f1mjzR9GLjiF0ZSMSVvts+SR3F40j2sGS8QUR/+Tbt3nmrBF5GCHN8pGF1OwUgpNpBfVD0c7wqOeDWuGQdnSiVz4JY5bOHg3ROGQwFX71pKa0XZ3QNHMsuwTpxv8aajPQlBdVDB3D0C1rdJABNqgECdHBVCCc0pDjpleC46m6KFpp91sA8Tr4KHEb25tD5DcZ3lIO+uMVdBBeYRHupwa6743LiAJYlJHbwVWSLKrryxZG/PkseXwD91BuFpTyrlW4QPHWi7RQskGdPiMjgiPDkTPp5e4M2K+ncJNTvKoGqmsb root@vb-micrapc\n"
            },
            "name": "node02",
            "network_acceleration_type": "standard",
            "network_interface": [
              {
                "dns_record": [],
                "index": 0,
                "ip_address": "192.168.101.27",
                "ipv4": true,
                "ipv6": false,
                "ipv6_address": "",
                "ipv6_dns_record": [],
                "mac_address": "d0:0d:1c:fe:11:e7",
                "nat": true,
                "nat_dns_record": [],
                "nat_ip_address": "51.250.15.136",
                "nat_ip_version": "IPV4",
                "security_group_ids": [],
                "subnet_id": "e9bad8kqasbkrq8csuh4"
              }
            ],
            "placement_policy": [
              {
                "host_affinity_rules": [],
                "placement_group_id": ""
              }
            ],
            "platform_id": "standard-v1",
            "resources": [
              {
                "core_fraction": 100,
                "cores": 2,
                "gpus": 0,
                "memory": 2
              }
            ],
            "scheduling_policy": [
              {
                "preemptible": false
              }
            ],
            "secondary_disk": [],
            "service_account_id": "",
            "status": "running",
            "timeouts": null,
            "zone": "ru-central1-a"
          },
          "sensitive_attributes": [],
          "private": "eyJlMmJmYjczMC1lY2FhLTExZTYtOGY4OC0zNDM2M2JjN2M0YzAiOnsiY3JlYXRlIjozMDAwMDAwMDAwMDAsImRlbGV0ZSI6MzAwMDAwMDAwMDAwLCJ1cGRhdGUiOjMwMDAwMDAwMDAwMH0sInNjaGVtYV92ZXJzaW9uIjoiMSJ9",
          "dependencies": [
            "yandex_vpc_network.default",
            "yandex_vpc_subnet.default"
          ]
        }
      ]
    },
    {
      "mode": "managed",
      "type": "yandex_compute_instance",
      "name": "node03",
      "provider": "provider[\"registry.terraform.io/yandex-cloud/yandex\"]",
      "instances": [
        {
          "schema_version": 1,
          "attributes": {
            "allow_recreate": null,
            "allow_stopping_for_update": true,
            "boot_disk": [
              {
                "auto_delete": true,
                "device_name": "fhmocfuregbe1e6nrvuq",
                "disk_id": "fhmocfuregbe1e6nrvuq",
                "initialize_params": [
                  {
                    "block_size": 4096,
                    "description": "",
                    "image_id": "fd88d14a6790do254kj7",
                    "name": "root-node03",
                    "size": 10,
                    "snapshot_id": "",
                    "type": "network-ssd"
                  }
                ],
                "mode": "READ_WRITE"
              }
            ],
            "created_at": "2022-09-02T11:20:41Z",
            "description": "",
            "folder_id": "b1gfege9gjopte1c9qa1",
            "fqdn": "node03.netology.yc",
            "hostname": "node03.netology.yc",
            "id": "fhmkj94rek2g672lbqvm",
            "labels": null,
            "local_disk": [],
            "metadata": {
              "ssh-keys": "centos:ssh-rsa AAAAB3NzaC1yc2EAAAADAQABAAABAQC5fv0bnsSvpCop92ETbhAlblg3XMcKH3H75ntZK81f1mjzR9GLjiF0ZSMSVvts+SR3F40j2sGS8QUR/+Tbt3nmrBF5GCHN8pGF1OwUgpNpBfVD0c7wqOeDWuGQdnSiVz4JY5bOHg3ROGQwFX71pKa0XZ3QNHMsuwTpxv8aajPQlBdVDB3D0C1rdJABNqgECdHBVCCc0pDjpleC46m6KFpp91sA8Tr4KHEb25tD5DcZ3lIO+uMVdBBeYRHupwa6743LiAJYlJHbwVWSLKrryxZG/PkseXwD91BuFpTyrlW4QPHWi7RQskGdPiMjgiPDkTPp5e4M2K+ncJNTvKoGqmsb root@vb-micrapc\n"
            },
            "name": "node03",
            "network_acceleration_type": "standard",
            "network_interface": [
              {
                "dns_record": [],
                "index": 0,
                "ip_address": "192.168.101.36",
                "ipv4": true,
                "ipv6": false,
                "ipv6_address": "",
                "ipv6_dns_record": [],
                "mac_address": "d0:0d:14:9a:49:b7",
                "nat": true,
                "nat_dns_record": [],
                "nat_ip_address": "84.201.129.148",
                "nat_ip_version": "IPV4",
                "security_group_ids": [],
                "subnet_id": "e9bad8kqasbkrq8csuh4"
              }
            ],
            "placement_policy": [
              {
                "host_affinity_rules": [],
                "placement_group_id": ""
              }
            ],
            "platform_id": "standard-v1",
            "resources": [
              {
                "core_fraction": 100,
                "cores": 2,
                "gpus": 0,
                "memory": 2
              }
            ],
            "scheduling_policy": [
              {
                "preemptible": false
              }
            ],
            "secondary_disk": [],
            "service_account_id": "",
            "status": "running",
            "timeouts": null,
            "zone": "ru-central1-a"
          },
          "sensitive_attributes": [],
          "private": "eyJlMmJmYjczMC1lY2FhLTExZTYtOGY4OC0zNDM2M2JjN2M0YzAiOnsiY3JlYXRlIjozMDAwMDAwMDAwMDAsImRlbGV0ZSI6MzAwMDAwMDAwMDAwLCJ1cGRhdGUiOjMwMDAwMDAwMDAwMH0sInNjaGVtYV92ZXJzaW9uIjoiMSJ9",
          "dependencies": [
            "yandex_vpc_network.default",
            "yandex_vpc_subnet.default"
          ]
        }
      ]
    },
    {
      "mode": "managed",
      "type": "yandex_vpc_network",
      "name": "default",
      "provider": "provider[\"registry.terraform.io/yandex-cloud/yandex\"]",
      "instances": [
        {
          "schema_version": 0,
          "attributes": {
            "created_at": "2022-09-02T11:20:39Z",
            "default_security_group_id": "",
            "description": "",
            "folder_id": "b1gfege9gjopte1c9qa1",
            "id": "enp3e7vbvdmkathmsipd",
            "labels": {},
            "name": "net",
            "subnet_ids": [],
            "timeouts": null
          },
          "sensitive_attributes": [],
          "private": "eyJlMmJmYjczMC1lY2FhLTExZTYtOGY4OC0zNDM2M2JjN2M0YzAiOnsiY3JlYXRlIjo2MDAwMDAwMDAwMCwiZGVsZXRlIjo2MDAwMDAwMDAwMCwidXBkYXRlIjo2MDAwMDAwMDAwMH19"
        }
      ]
    },
    {
      "mode": "managed",
      "type": "yandex_vpc_subnet",
      "name": "default",
      "provider": "provider[\"registry.terraform.io/yandex-cloud/yandex\"]",
      "instances": [
        {
          "schema_version": 0,
          "attributes": {
            "created_at": "2022-09-02T11:20:40Z",
            "description": "",
            "dhcp_options": [],
            "folder_id": "b1gfege9gjopte1c9qa1",
            "id": "e9bad8kqasbkrq8csuh4",
            "labels": {},
            "name": "subnet",
            "network_id": "enp3e7vbvdmkathmsipd",
            "route_table_id": "",
            "timeouts": null,
            "v4_cidr_blocks": [
              "192.168.101.0/24"
            ],
            "v6_cidr_blocks": [],
            "zone": "ru-central1-a"
          },
          "sensitive_attributes": [],
          "private": "eyJlMmJmYjczMC1lY2FhLTExZTYtOGY4OC0zNDM2M2JjN2M0YzAiOnsiY3JlYXRlIjoxODAwMDAwMDAwMDAsImRlbGV0ZSI6MTgwMDAwMDAwMDAwLCJ1cGRhdGUiOjE4MDAwMDAwMDAwMH19",
          "dependencies": [
            "yandex_vpc_network.default"
          ]
        }
      ]
    }
  ]
}
