{
  "version": 4,
  "terraform_version": "1.3.3",
  "serial": 415,
  "lineage": "c1da630f-50b8-248f-6b18-6d5ee5aba316",
  "outputs": {
    "external_ip_address_cp01_yandex_cloud": {
      "value": "84.201.135.152",
      "type": "string"
    },
    "external_ip_address_node01_yandex_cloud": {
      "value": "51.250.85.91",
      "type": "string"
    },
    "external_ip_address_node02_yandex_cloud": {
      "value": "84.201.131.211",
      "type": "string"
    },
    "internal_ip_address_cp01_yandex_cloud": {
      "value": "192.168.101.11",
      "type": "string"
    },
    "internal_ip_address_node01_yandex_cloud": {
      "value": "192.168.101.12",
      "type": "string"
    },
    "internal_ip_address_node02_yandex_cloud": {
      "value": "192.168.101.13",
      "type": "string"
    }
  },
  "resources": [
    {
      "mode": "managed",
      "type": "local_file",
      "name": "prod",
      "provider": "provider[\"registry.terraform.io/hashicorp/local\"]",
      "instances": [
        {
          "schema_version": 0,
          "attributes": {
            "content": "# ## Configure 'ip' variable to bind kubernetes services on a\n# ## different ip than the default iface\n# ## We should set etcd_member_name for etcd cluster. The node that is not a etcd member do not need to set the value, or can set the empty string value.\n[all]\nnode1 ansible_host=51.250.85.91  ip=192.168.101.12 ansible_user=centos\nnode2 ansible_host=84.201.131.211  ip=192.168.101.13 ansible_user=centos\ncp1 ansible_host=84.201.135.152  ip=192.168.101.11 etcd_member_name=etcd1 ansible_user=centos\n\n# ## configure a bastion host if your nodes are not directly reachable\n# [bastion]\n# bastion ansible_host=x.x.x.x ansible_user=some_user\n\n[kube_control_plane]\ncp1\n\n[etcd]\ncp1\n\n[kube_node]\nnode1\nnode2\n\n[calico_rr]\n\n[k8s_cluster:children]\nkube_control_plane\nkube_node\ncalico_rr\n\n",
            "content_base64": null,
            "directory_permission": "0777",
            "file_permission": "0777",
            "filename": "../inventory/netology-cluster/inventory.ini",
            "id": "1847c0397ab9b5131eaa7c9581a5ffe06538ee98",
            "sensitive_content": null,
            "source": null
          },
          "sensitive_attributes": [],
          "private": "bnVsbA==",
          "dependencies": [
            "yandex_compute_instance.cp01",
            "yandex_compute_instance.node01",
            "yandex_compute_instance.node02",
            "yandex_vpc_network.default",
            "yandex_vpc_subnet.default"
          ]
        }
      ]
    },
    {
      "mode": "managed",
      "type": "yandex_compute_instance",
      "name": "cp01",
      "provider": "provider[\"registry.terraform.io/yandex-cloud/yandex\"]",
      "instances": [
        {
          "schema_version": 1,
          "attributes": {
            "allow_recreate": null,
            "allow_stopping_for_update": true,
            "boot_disk": [
              {
                "auto_delete": true,
                "device_name": "fhmn2re8ikjp889962kb",
                "disk_id": "fhmn2re8ikjp889962kb",
                "initialize_params": [
                  {
                    "block_size": 4096,
                    "description": "",
                    "image_id": "fd88d14a6790do254kj7",
                    "name": "root-cp01",
                    "size": 51,
                    "snapshot_id": "",
                    "type": "network-ssd"
                  }
                ],
                "mode": "READ_WRITE"
              }
            ],
            "created_at": "2022-12-20T19:29:46Z",
            "description": "",
            "folder_id": "b1gfege9gjopte1c9qa1",
            "fqdn": "cp01.netology.cloud",
            "hostname": "cp01.netology.cloud",
            "id": "fhmkthdjpobvg1sq0v26",
            "labels": null,
            "local_disk": [],
            "metadata": {
              "ssh-keys": "centos:ssh-rsa AAAAB3NzaC1yc2EAAAADAQABAAABgQChMcGvOK4FwqaYPxYBeEwEOm4QEOVFY7Eel/gg3V1WKwPuktHif4HEgwDR9ZVKnvI7T6nGWp5/s0yxP39Yv9HrFWMlQtzRWFGBxHyDdc5wFCudBxXnglevpTRiwhi23qIlIEPMngXC74zzwe/JKK1V8T6xYOiJi4VkMWV8Y6VX0n9H2vUFtNDdR5R3Hdk4yd4N9myo55GLcYKs6HtBDNDT/Oaz6qz7KI4QRZlr6ycioa6YZoHjirPYr9bMl1uv/td6XB1tjUc3HTmJ8FOZJ6xFp6uonQKpgQZ19AhVb54GDIO563VYOOADeVCPLkaBCVq1OQ9pI2Wp2wlFC5PwvMQ3TIslGhVrQT4N68WtsVBlyKiYC3JeO8UzSK82tnLl9ioTAcX3lSHAr62JVMjtJXBc446laBP3i7OroRl7uQOJUl3B1bMWRnoRIiyDd8KasDMWZxBeYZ5n8nMLvNYgb7lr7m6QpxiWcm5JT0rbJWdB46ZhHlIHzoWt5zCV/G2RLRE= mojnovse@mojno-vseMacBook.local\n"
            },
            "name": "cp01",
            "network_acceleration_type": "standard",
            "network_interface": [
              {
                "dns_record": [],
                "index": 0,
                "ip_address": "192.168.101.11",
                "ipv4": true,
                "ipv6": false,
                "ipv6_address": "",
                "ipv6_dns_record": [],
                "mac_address": "d0:0d:14:ec:5b:3c",
                "nat": true,
                "nat_dns_record": [],
                "nat_ip_address": "84.201.135.152",
                "nat_ip_version": "IPV4",
                "security_group_ids": [],
                "subnet_id": "e9b9cvfh6g960aj0rb0n"
              }
            ],
            "placement_policy": [
              {
                "host_affinity_rules": [],
                "placement_group_id": ""
              }
            ],
            "platform_id": "standard-v1",
            "resources": [
              {
                "core_fraction": 100,
                "cores": 4,
                "gpus": 0,
                "memory": 4
              }
            ],
            "scheduling_policy": [
              {
                "preemptible": false
              }
            ],
            "secondary_disk": [],
            "service_account_id": "",
            "status": "running",
            "timeouts": null,
            "zone": "ru-central1-a"
          },
          "sensitive_attributes": [],
          "private": "eyJlMmJmYjczMC1lY2FhLTExZTYtOGY4OC0zNDM2M2JjN2M0YzAiOnsiY3JlYXRlIjozMDAwMDAwMDAwMDAsImRlbGV0ZSI6MzAwMDAwMDAwMDAwLCJ1cGRhdGUiOjMwMDAwMDAwMDAwMH0sInNjaGVtYV92ZXJzaW9uIjoiMSJ9",
          "dependencies": [
            "yandex_vpc_network.default",
            "yandex_vpc_subnet.default"
          ]
        }
      ]
    },
    {
      "mode": "managed",
      "type": "yandex_compute_instance",
      "name": "node01",
      "provider": "provider[\"registry.terraform.io/yandex-cloud/yandex\"]",
      "instances": [
        {
          "schema_version": 1,
          "attributes": {
            "allow_recreate": null,
            "allow_stopping_for_update": true,
            "boot_disk": [
              {
                "auto_delete": true,
                "device_name": "fhma9daicl5o6sp6ir1r",
                "disk_id": "fhma9daicl5o6sp6ir1r",
                "initialize_params": [
                  {
                    "block_size": 4096,
                    "description": "",
                    "image_id": "fd88d14a6790do254kj7",
                    "name": "root-node01",
                    "size": 51,
                    "snapshot_id": "",
                    "type": "network-ssd"
                  }
                ],
                "mode": "READ_WRITE"
              }
            ],
            "created_at": "2022-12-20T19:29:46Z",
            "description": "",
            "folder_id": "b1gfege9gjopte1c9qa1",
            "fqdn": "node01.netology.yc",
            "hostname": "node01.netology.yc",
            "id": "fhmm0ndvp5opmcfqn8kb",
            "labels": null,
            "local_disk": [],
            "metadata": {
              "ssh-keys": "centos:ssh-rsa AAAAB3NzaC1yc2EAAAADAQABAAABgQChMcGvOK4FwqaYPxYBeEwEOm4QEOVFY7Eel/gg3V1WKwPuktHif4HEgwDR9ZVKnvI7T6nGWp5/s0yxP39Yv9HrFWMlQtzRWFGBxHyDdc5wFCudBxXnglevpTRiwhi23qIlIEPMngXC74zzwe/JKK1V8T6xYOiJi4VkMWV8Y6VX0n9H2vUFtNDdR5R3Hdk4yd4N9myo55GLcYKs6HtBDNDT/Oaz6qz7KI4QRZlr6ycioa6YZoHjirPYr9bMl1uv/td6XB1tjUc3HTmJ8FOZJ6xFp6uonQKpgQZ19AhVb54GDIO563VYOOADeVCPLkaBCVq1OQ9pI2Wp2wlFC5PwvMQ3TIslGhVrQT4N68WtsVBlyKiYC3JeO8UzSK82tnLl9ioTAcX3lSHAr62JVMjtJXBc446laBP3i7OroRl7uQOJUl3B1bMWRnoRIiyDd8KasDMWZxBeYZ5n8nMLvNYgb7lr7m6QpxiWcm5JT0rbJWdB46ZhHlIHzoWt5zCV/G2RLRE= mojnovse@mojno-vseMacBook.local\n"
            },
            "name": "node01",
            "network_acceleration_type": "standard",
            "network_interface": [
              {
                "dns_record": [],
                "index": 0,
                "ip_address": "192.168.101.12",
                "ipv4": true,
                "ipv6": false,
                "ipv6_address": "",
                "ipv6_dns_record": [],
                "mac_address": "d0:0d:16:05:db:fc",
                "nat": true,
                "nat_dns_record": [],
                "nat_ip_address": "51.250.85.91",
                "nat_ip_version": "IPV4",
                "security_group_ids": [],
                "subnet_id": "e9b9cvfh6g960aj0rb0n"
              }
            ],
            "placement_policy": [
              {
                "host_affinity_rules": [],
                "placement_group_id": ""
              }
            ],
            "platform_id": "standard-v1",
            "resources": [
              {
                "core_fraction": 100,
                "cores": 2,
                "gpus": 0,
                "memory": 2
              }
            ],
            "scheduling_policy": [
              {
                "preemptible": false
              }
            ],
            "secondary_disk": [],
            "service_account_id": "",
            "status": "running",
            "timeouts": null,
            "zone": "ru-central1-a"
          },
          "sensitive_attributes": [],
          "private": "eyJlMmJmYjczMC1lY2FhLTExZTYtOGY4OC0zNDM2M2JjN2M0YzAiOnsiY3JlYXRlIjozMDAwMDAwMDAwMDAsImRlbGV0ZSI6MzAwMDAwMDAwMDAwLCJ1cGRhdGUiOjMwMDAwMDAwMDAwMH0sInNjaGVtYV92ZXJzaW9uIjoiMSJ9",
          "dependencies": [
            "yandex_vpc_network.default",
            "yandex_vpc_subnet.default"
          ]
        }
      ]
    },
    {
      "mode": "managed",
      "type": "yandex_compute_instance",
      "name": "node02",
      "provider": "provider[\"registry.terraform.io/yandex-cloud/yandex\"]",
      "instances": [
        {
          "schema_version": 1,
          "attributes": {
            "allow_recreate": null,
            "allow_stopping_for_update": true,
            "boot_disk": [
              {
                "auto_delete": true,
                "device_name": "fhmiip5rif0dn2la46f9",
                "disk_id": "fhmiip5rif0dn2la46f9",
                "initialize_params": [
                  {
                    "block_size": 4096,
                    "description": "",
                    "image_id": "fd88d14a6790do254kj7",
                    "name": "root-node02",
                    "size": 51,
                    "snapshot_id": "",
                    "type": "network-ssd"
                  }
                ],
                "mode": "READ_WRITE"
              }
            ],
            "created_at": "2022-12-20T19:29:46Z",
            "description": "",
            "folder_id": "b1gfege9gjopte1c9qa1",
            "fqdn": "node02.netology.yc",
            "hostname": "node02.netology.yc",
            "id": "fhm7cd403k5f5stkpp4s",
            "labels": null,
            "local_disk": [],
            "metadata": {
              "ssh-keys": "centos:ssh-rsa AAAAB3NzaC1yc2EAAAADAQABAAABgQChMcGvOK4FwqaYPxYBeEwEOm4QEOVFY7Eel/gg3V1WKwPuktHif4HEgwDR9ZVKnvI7T6nGWp5/s0yxP39Yv9HrFWMlQtzRWFGBxHyDdc5wFCudBxXnglevpTRiwhi23qIlIEPMngXC74zzwe/JKK1V8T6xYOiJi4VkMWV8Y6VX0n9H2vUFtNDdR5R3Hdk4yd4N9myo55GLcYKs6HtBDNDT/Oaz6qz7KI4QRZlr6ycioa6YZoHjirPYr9bMl1uv/td6XB1tjUc3HTmJ8FOZJ6xFp6uonQKpgQZ19AhVb54GDIO563VYOOADeVCPLkaBCVq1OQ9pI2Wp2wlFC5PwvMQ3TIslGhVrQT4N68WtsVBlyKiYC3JeO8UzSK82tnLl9ioTAcX3lSHAr62JVMjtJXBc446laBP3i7OroRl7uQOJUl3B1bMWRnoRIiyDd8KasDMWZxBeYZ5n8nMLvNYgb7lr7m6QpxiWcm5JT0rbJWdB46ZhHlIHzoWt5zCV/G2RLRE= mojnovse@mojno-vseMacBook.local\n"
            },
            "name": "node02",
            "network_acceleration_type": "standard",
            "network_interface": [
              {
                "dns_record": [],
                "index": 0,
                "ip_address": "192.168.101.13",
                "ipv4": true,
                "ipv6": false,
                "ipv6_address": "",
                "ipv6_dns_record": [],
                "mac_address": "d0:0d:76:34:80:1d",
                "nat": true,
                "nat_dns_record": [],
                "nat_ip_address": "84.201.131.211",
                "nat_ip_version": "IPV4",
                "security_group_ids": [],
                "subnet_id": "e9b9cvfh6g960aj0rb0n"
              }
            ],
            "placement_policy": [
              {
                "host_affinity_rules": [],
                "placement_group_id": ""
              }
            ],
            "platform_id": "standard-v1",
            "resources": [
              {
                "core_fraction": 100,
                "cores": 2,
                "gpus": 0,
                "memory": 2
              }
            ],
            "scheduling_policy": [
              {
                "preemptible": false
              }
            ],
            "secondary_disk": [],
            "service_account_id": "",
            "status": "running",
            "timeouts": null,
            "zone": "ru-central1-a"
          },
          "sensitive_attributes": [],
          "private": "eyJlMmJmYjczMC1lY2FhLTExZTYtOGY4OC0zNDM2M2JjN2M0YzAiOnsiY3JlYXRlIjozMDAwMDAwMDAwMDAsImRlbGV0ZSI6MzAwMDAwMDAwMDAwLCJ1cGRhdGUiOjMwMDAwMDAwMDAwMH0sInNjaGVtYV92ZXJzaW9uIjoiMSJ9",
          "dependencies": [
            "yandex_vpc_network.default",
            "yandex_vpc_subnet.default"
          ]
        }
      ]
    },
    {
      "mode": "managed",
      "type": "yandex_vpc_network",
      "name": "default",
      "provider": "provider[\"registry.terraform.io/yandex-cloud/yandex\"]",
      "instances": [
        {
          "schema_version": 0,
          "attributes": {
            "created_at": "2022-12-20T19:29:44Z",
            "default_security_group_id": "",
            "description": "",
            "folder_id": "b1gfege9gjopte1c9qa1",
            "id": "enp5pt7bf98evvd0219q",
            "labels": {},
            "name": "net",
            "subnet_ids": [],
            "timeouts": null
          },
          "sensitive_attributes": [],
          "private": "eyJlMmJmYjczMC1lY2FhLTExZTYtOGY4OC0zNDM2M2JjN2M0YzAiOnsiY3JlYXRlIjo2MDAwMDAwMDAwMCwiZGVsZXRlIjo2MDAwMDAwMDAwMCwidXBkYXRlIjo2MDAwMDAwMDAwMH19"
        }
      ]
    },
    {
      "mode": "managed",
      "type": "yandex_vpc_subnet",
      "name": "default",
      "provider": "provider[\"registry.terraform.io/yandex-cloud/yandex\"]",
      "instances": [
        {
          "schema_version": 0,
          "attributes": {
            "created_at": "2022-12-20T19:29:45Z",
            "description": "",
            "dhcp_options": [],
            "folder_id": "b1gfege9gjopte1c9qa1",
            "id": "e9b9cvfh6g960aj0rb0n",
            "labels": {},
            "name": "subnet",
            "network_id": "enp5pt7bf98evvd0219q",
            "route_table_id": "",
            "timeouts": null,
            "v4_cidr_blocks": [
              "192.168.101.0/24"
            ],
            "v6_cidr_blocks": [],
            "zone": "ru-central1-a"
          },
          "sensitive_attributes": [],
          "private": "eyJlMmJmYjczMC1lY2FhLTExZTYtOGY4OC0zNDM2M2JjN2M0YzAiOnsiY3JlYXRlIjoxODAwMDAwMDAwMDAsImRlbGV0ZSI6MTgwMDAwMDAwMDAwLCJ1cGRhdGUiOjE4MDAwMDAwMDAwMH19",
          "dependencies": [
            "yandex_vpc_network.default"
          ]
        }
      ]
    }
  ],
  "check_results": []
}
